{
  "name": "layaut",
  "lockfileVersion": 3,
  "requires": true,
  "packages": {
    "": {
      "dependencies": {
        "three": "^0.150.1",
        "three-particle-system": "^1.0.12"
      }
    },
    "node_modules/three": {
      "version": "0.150.1",
      "resolved": "https://registry.npmjs.org/three/-/three-0.150.1.tgz",
      "integrity": "sha512-5C1MqKUWaHYo13BX0Q64qcdwImgnnjSOFgBscOzAo8MYCzEtqfQqorEKMcajnA3FHy1yVlIe9AmaMQ0OQracNA=="
    },
    "node_modules/three-particle-system": {
      "version": "1.0.12",
      "resolved": "https://registry.npmjs.org/three-particle-system/-/three-particle-system-1.0.12.tgz",
      "integrity": "sha512-kE1q/dy95DHvdJxPQEGqOAEQacKT/FHYMI3GXr9G7C56V7G1VYMb8tuc1/ZU3+cBgN/8NPPwvuBP6pHSOHH/3w==",
      "dependencies": {
        "three": "^0.114.0"
      }
    },
    "node_modules/three-particle-system/node_modules/three": {
      "version": "0.114.0",
      "resolved": "https://registry.npmjs.org/three/-/three-0.114.0.tgz",
      "integrity": "sha512-3av45FxJeqYm7Rl02dfGBoqTaf2a934oUB4zMNrN8xjmASoSGeeykYoAr35+UntTdJDY/STw6CY3KuXFBWETig=="
    }
  }
}
